
Microsoft Visual Studio Solution File, Format Version 12.00
# Visual Studio Version 16
VisualStudioVersion = 16.0.28531.58
MinimumVisualStudioVersion = 10.0.40219.1
Project("{FAE04EC0-301F-11D3-BF4B-00C04F79EFBC}") = "NonBlockingTests", "test\NonBlockingTests\NonBlockingTests.csproj", "{4F3B1AAA-90FA-4DFD-9ACB-E1FF4B287018}"
EndProject
Project("{FAE04EC0-301F-11D3-BF4B-00C04F79EFBC}") = "Benchmarks", "Benchmarks\Benchmarks.csproj", "{3FBF94CB-5AE5-4235-87AB-E5E9732A4BDE}"
EndProject
Project("{9A19103F-16F7-4668-BE54-9A1E7A4F7556}") = "NonBlocking", "src\NonBlocking\NonBlocking.csproj", "{FAD4FDA1-2B65-487B-B9EA-37507C70573C}"
EndProject
Project("{2150E333-8FDC-42A3-9474-1A3956D46DE8}") = "Solution Items", "Solution Items", "{6D50E992-7113-4A07-BBBD-2A5D310BB0CB}"
EndProject
Project("{9A19103F-16F7-4668-BE54-9A1E7A4F7556}") = "BenchmarksCore", "BenchmarksCore\BenchmarksCore.csproj", "{BFBFE5C8-466C-471C-8B04-1AF4AFC74506}"
EndProject
Global
	GlobalSection(SolutionConfigurationPlatforms) = preSolution
		Debug|Any CPU = Debug|Any CPU
		Release|Any CPU = Release|Any CPU
	EndGlobalSection
	GlobalSection(ProjectConfigurationPlatforms) = postSolution
		{4F3B1AAA-90FA-4DFD-9ACB-E1FF4B287018}.Debug|Any CPU.ActiveCfg = Debug|Any CPU
		{4F3B1AAA-90FA-4DFD-9ACB-E1FF4B287018}.Debug|Any CPU.Build.0 = Debug|Any CPU
		{4F3B1AAA-90FA-4DFD-9ACB-E1FF4B287018}.Release|Any CPU.ActiveCfg = Release|Any CPU
		{4F3B1AAA-90FA-4DFD-9ACB-E1FF4B287018}.Release|Any CPU.Build.0 = Release|Any CPU
		{3FBF94CB-5AE5-4235-87AB-E5E9732A4BDE}.Debug|Any CPU.ActiveCfg = Debug|Any CPU
		{3FBF94CB-5AE5-4235-87AB-E5E9732A4BDE}.Debug|Any CPU.Build.0 = Debug|Any CPU
		{3FBF94CB-5AE5-4235-87AB-E5E9732A4BDE}.Release|Any CPU.ActiveCfg = Release|Any CPU
		{3FBF94CB-5AE5-4235-87AB-E5E9732A4BDE}.Release|Any CPU.Build.0 = Release|Any CPU
		{FAD4FDA1-2B65-487B-B9EA-37507C70573C}.Debug|Any CPU.ActiveCfg = Debug|Any CPU
		{FAD4FDA1-2B65-487B-B9EA-37507C70573C}.Debug|Any CPU.Build.0 = Debug|Any CPU
		{FAD4FDA1-2B65-487B-B9EA-37507C70573C}.Release|Any CPU.ActiveCfg = Release|Any CPU
		{FAD4FDA1-2B65-487B-B9EA-37507C70573C}.Release|Any CPU.Build.0 = Release|Any CPU
		{BFBFE5C8-466C-471C-8B04-1AF4AFC74506}.Debug|Any CPU.ActiveCfg = Debug|Any CPU
		{BFBFE5C8-466C-471C-8B04-1AF4AFC74506}.Debug|Any CPU.Build.0 = Debug|Any CPU
		{BFBFE5C8-466C-471C-8B04-1AF4AFC74506}.Release|Any CPU.ActiveCfg = Release|Any CPU
		{BFBFE5C8-466C-471C-8B04-1AF4AFC74506}.Release|Any CPU.Build.0 = Release|Any CPU
	EndGlobalSection
	GlobalSection(SolutionProperties) = preSolution
		HideSolutionNode = FALSE
	EndGlobalSection
	GlobalSection(ExtensibilityGlobals) = postSolution
		SolutionGuid = {05CC4E68-5F7D-42E4-AE0E-B00071D11F15}
	EndGlobalSection
	GlobalSection(Performance) = preSolution
		HasPerformanceSessions = true
	EndGlobalSection
	GlobalSection(Performance) = preSolution
		HasPerformanceSessions = true
	EndGlobalSection
	GlobalSection(Performance) = preSolution
		HasPerformanceSessions = true
	EndGlobalSection
	GlobalSection(Performance) = preSolution
		HasPerformanceSessions = true
	EndGlobalSection
	GlobalSection(Performance) = preSolution
		HasPerformanceSessions = true
	EndGlobalSection
	GlobalSection(Performance) = preSolution
		HasPerformanceSessions = true
	EndGlobalSection
	GlobalSection(Performance) = preSolution
		HasPerformanceSessions = true
	EndGlobalSection
	GlobalSection(Performance) = preSolution
		HasPerformanceSessions = true
	EndGlobalSection
	GlobalSection(Performance) = preSolution
		HasPerformanceSessions = true
	EndGlobalSection
	GlobalSection(Performance) = preSolution
		HasPerformanceSessions = true
	EndGlobalSection
	GlobalSection(Performance) = preSolution
		HasPerformanceSessions = true
	EndGlobalSection
	GlobalSection(Performance) = preSolution
		HasPerformanceSessions = true
	EndGlobalSection
EndGlobal
